// !$*UTF8*$!
{
	archiveVersion = 1;
	classes = {
	};
	objectVersion = 51;
	objects = {

/* Begin PBXBuildFile section */
		89F6E2502EA5ABEAD79E7600 /* Pods_RideIn.framework in Frameworks */ = {isa = PBXBuildFile; fileRef = 676745E0D76715737F9F8FBC /* Pods_RideIn.framework */; };
		8D319C17AC5EF08185EA515F /* libPods-RideInTests.a in Frameworks */ = {isa = PBXBuildFile; fileRef = 51E98A0146A1E81F3B4965DD /* libPods-RideInTests.a */; };
		C00F85CC262EF76900A29641 /* TripsVC+Extensions.swift in Sources */ = {isa = PBXBuildFile; fileRef = C00F85CB262EF76900A29641 /* TripsVC+Extensions.swift */; };
		C00F85E0262FFFE800A29641 /* SelectedTripViewController.swift in Sources */ = {isa = PBXBuildFile; fileRef = C00F85DF262FFFE800A29641 /* SelectedTripViewController.swift */; };
		C0327F4B263974E30079B324 /* DataProviders.swift in Sources */ = {isa = PBXBuildFile; fileRef = C0327F4A263974E30079B324 /* DataProviders.swift */; };
		C0327F4D26398C150079B324 /* Heplers.swift in Sources */ = {isa = PBXBuildFile; fileRef = C0327F4C26398C150079B324 /* Heplers.swift */; };
		C0327F4F263998410079B324 /* MainTripDataProviderTests.swift in Sources */ = {isa = PBXBuildFile; fileRef = C0327F4E263998410079B324 /* MainTripDataProviderTests.swift */; };
		C04BC36B2632CE7000941B0C /* SelectedTripVC+Extenstions .swift in Sources */ = {isa = PBXBuildFile; fileRef = C04BC36A2632CE7000941B0C /* SelectedTripVC+Extenstions .swift */; };
		C04BC3BE2632F8E100941B0C /* .gitignore in Resources */ = {isa = PBXBuildFile; fileRef = C04BC3BD2632F8E100941B0C /* .gitignore */; };
		C04BC3DF2634A05300941B0C /* ConnectionManager.swift in Sources */ = {isa = PBXBuildFile; fileRef = C04BC3DE2634A05300941B0C /* ConnectionManager.swift */; };
		C04BC3E92636966A00941B0C /* RideInTests.swift in Sources */ = {isa = PBXBuildFile; fileRef = C04BC3E82636966A00941B0C /* RideInTests.swift */; };
		C04BC4022636B51E00941B0C /* NetworkManagerTests.swift in Sources */ = {isa = PBXBuildFile; fileRef = C04BC4012636B51E00941B0C /* NetworkManagerTests.swift */; };
		C04BC40C2637099F00941B0C /* DateTimeFormatterTests.swift in Sources */ = {isa = PBXBuildFile; fileRef = C04BC40B2637099F00941B0C /* DateTimeFormatterTests.swift */; };
		C04C9E5326244120007C47DC /* AppDelegate.swift in Sources */ = {isa = PBXBuildFile; fileRef = C04C9E5226244120007C47DC /* AppDelegate.swift */; };
		C04C9E5526244120007C47DC /* SceneDelegate.swift in Sources */ = {isa = PBXBuildFile; fileRef = C04C9E5426244120007C47DC /* SceneDelegate.swift */; };
		C04C9E5726244120007C47DC /* RideSearchViewController.swift in Sources */ = {isa = PBXBuildFile; fileRef = C04C9E5626244120007C47DC /* RideSearchViewController.swift */; };
		C04C9E5C26244124007C47DC /* Assets.xcassets in Resources */ = {isa = PBXBuildFile; fileRef = C04C9E5B26244124007C47DC /* Assets.xcassets */; };
		C04C9E7826246334007C47DC /* SustemExtensions.swift in Sources */ = {isa = PBXBuildFile; fileRef = C04C9E7726246334007C47DC /* SustemExtensions.swift */; };
		C04C9E84262472D9007C47DC /* PassengersCountViewController.swift in Sources */ = {isa = PBXBuildFile; fileRef = C04C9E83262472D9007C47DC /* PassengersCountViewController.swift */; };
		C04C9EC226257A4E007C47DC /* RideSearchVC+Extensions.swift in Sources */ = {isa = PBXBuildFile; fileRef = C04C9EC126257A4E007C47DC /* RideSearchVC+Extensions.swift */; };
		C04C9EC526257AAD007C47DC /* Factories.swift in Sources */ = {isa = PBXBuildFile; fileRef = C04C9EC426257AAD007C47DC /* Factories.swift */; };
		C04C9EC826257EDB007C47DC /* Protocols.swift in Sources */ = {isa = PBXBuildFile; fileRef = C04C9EC726257EDB007C47DC /* Protocols.swift */; };
		C04C9ED126258244007C47DC /* MainNetworkManager.swift in Sources */ = {isa = PBXBuildFile; fileRef = C04C9ED026258244007C47DC /* MainNetworkManager.swift */; };
		C04C9F102626E8D6007C47DC /* RideSearchTableViewCell.swift in Sources */ = {isa = PBXBuildFile; fileRef = C04C9F0F2626E8D6007C47DC /* RideSearchTableViewCell.swift */; };
		C06512FD26280E5100CF322B /* Enums.swift in Sources */ = {isa = PBXBuildFile; fileRef = C06512FC26280E5100CF322B /* Enums.swift */; };
		C08291A42626EECA00C686F3 /* MapViewController.swift in Sources */ = {isa = PBXBuildFile; fileRef = C08291A32626EECA00C686F3 /* MapViewController.swift */; };
		C08291AF26271E2800C686F3 /* MapTableViewCell.swift in Sources */ = {isa = PBXBuildFile; fileRef = C08291AE26271E2800C686F3 /* MapTableViewCell.swift */; };
		C0AA7743262732C700EE3A42 /* MapVC+Extensions.swift in Sources */ = {isa = PBXBuildFile; fileRef = C0AA7742262732C700EE3A42 /* MapVC+Extensions.swift */; };
		C0BEDBF62628678B009B3062 /* DataModel.swift in Sources */ = {isa = PBXBuildFile; fileRef = C0BEDBF52628678B009B3062 /* DataModel.swift */; };
		C0BEDBFB26286FB5009B3062 /* TripsViewController.swift in Sources */ = {isa = PBXBuildFile; fileRef = C0BEDBFA26286FB5009B3062 /* TripsViewController.swift */; };
		C0C0196326380697001796C2 /* Localizable.strings in Resources */ = {isa = PBXBuildFile; fileRef = C0C0196526380697001796C2 /* Localizable.strings */; };
		C0CFDC30262872BC00C90E6A /* MapVC+MKExtenstions.swift in Sources */ = {isa = PBXBuildFile; fileRef = C0CFDC2F262872BC00C90E6A /* MapVC+MKExtenstions.swift */; };
		C0CFDC362629678500C90E6A /* TripCollectionViewCell.swift in Sources */ = {isa = PBXBuildFile; fileRef = C0CFDC352629678500C90E6A /* TripCollectionViewCell.swift */; };
/* End PBXBuildFile section */

/* Begin PBXContainerItemProxy section */
		C04BC3EB2636966A00941B0C /* PBXContainerItemProxy */ = {
			isa = PBXContainerItemProxy;
			containerPortal = C04C9E472624411F007C47DC /* Project object */;
			proxyType = 1;
			remoteGlobalIDString = C04C9E4E2624411F007C47DC;
			remoteInfo = RideIn;
		};
/* End PBXContainerItemProxy section */

/* Begin PBXFileReference section */
		0723177FAC2C4B7C9467C7A3 /* Pods-RideIn.debug.xcconfig */ = {isa = PBXFileReference; includeInIndex = 1; lastKnownFileType = text.xcconfig; name = "Pods-RideIn.debug.xcconfig"; path = "Target Support Files/Pods-RideIn/Pods-RideIn.debug.xcconfig"; sourceTree = "<group>"; };
		3FA8586FA187346B70EB2E78 /* Pods-RideInTests.release.xcconfig */ = {isa = PBXFileReference; includeInIndex = 1; lastKnownFileType = text.xcconfig; name = "Pods-RideInTests.release.xcconfig"; path = "Target Support Files/Pods-RideInTests/Pods-RideInTests.release.xcconfig"; sourceTree = "<group>"; };
		51E98A0146A1E81F3B4965DD /* libPods-RideInTests.a */ = {isa = PBXFileReference; explicitFileType = archive.ar; includeInIndex = 0; path = "libPods-RideInTests.a"; sourceTree = BUILT_PRODUCTS_DIR; };
		55EFF70959413A3634C24E6F /* Pods-RideInTests.debug.xcconfig */ = {isa = PBXFileReference; includeInIndex = 1; lastKnownFileType = text.xcconfig; name = "Pods-RideInTests.debug.xcconfig"; path = "Target Support Files/Pods-RideInTests/Pods-RideInTests.debug.xcconfig"; sourceTree = "<group>"; };
		676745E0D76715737F9F8FBC /* Pods_RideIn.framework */ = {isa = PBXFileReference; explicitFileType = wrapper.framework; includeInIndex = 0; path = Pods_RideIn.framework; sourceTree = BUILT_PRODUCTS_DIR; };
		C00F85CB262EF76900A29641 /* TripsVC+Extensions.swift */ = {isa = PBXFileReference; lastKnownFileType = sourcecode.swift; path = "TripsVC+Extensions.swift"; sourceTree = "<group>"; };
		C00F85DF262FFFE800A29641 /* SelectedTripViewController.swift */ = {isa = PBXFileReference; lastKnownFileType = sourcecode.swift; path = SelectedTripViewController.swift; sourceTree = "<group>"; };
		C0327F4A263974E30079B324 /* DataProviders.swift */ = {isa = PBXFileReference; lastKnownFileType = sourcecode.swift; path = DataProviders.swift; sourceTree = "<group>"; };
		C0327F4C26398C150079B324 /* Heplers.swift */ = {isa = PBXFileReference; lastKnownFileType = sourcecode.swift; path = Heplers.swift; sourceTree = "<group>"; };
		C0327F4E263998410079B324 /* MainTripDataProviderTests.swift */ = {isa = PBXFileReference; lastKnownFileType = sourcecode.swift; path = MainTripDataProviderTests.swift; sourceTree = "<group>"; };
		C04BC36A2632CE7000941B0C /* SelectedTripVC+Extenstions .swift */ = {isa = PBXFileReference; lastKnownFileType = sourcecode.swift; path = "SelectedTripVC+Extenstions .swift"; sourceTree = "<group>"; };
		C04BC3BD2632F8E100941B0C /* .gitignore */ = {isa = PBXFileReference; lastKnownFileType = text; path = .gitignore; sourceTree = "<group>"; };
		C04BC3DE2634A05300941B0C /* ConnectionManager.swift */ = {isa = PBXFileReference; lastKnownFileType = sourcecode.swift; path = ConnectionManager.swift; sourceTree = "<group>"; };
		C04BC3E62636966A00941B0C /* RideInTests.xctest */ = {isa = PBXFileReference; explicitFileType = wrapper.cfbundle; includeInIndex = 0; path = RideInTests.xctest; sourceTree = BUILT_PRODUCTS_DIR; };
		C04BC3E82636966A00941B0C /* RideInTests.swift */ = {isa = PBXFileReference; lastKnownFileType = sourcecode.swift; path = RideInTests.swift; sourceTree = "<group>"; };
		C04BC3EA2636966A00941B0C /* Info.plist */ = {isa = PBXFileReference; lastKnownFileType = text.plist.xml; path = Info.plist; sourceTree = "<group>"; };
		C04BC4012636B51E00941B0C /* NetworkManagerTests.swift */ = {isa = PBXFileReference; lastKnownFileType = sourcecode.swift; path = NetworkManagerTests.swift; sourceTree = "<group>"; };
		C04BC40B2637099F00941B0C /* DateTimeFormatterTests.swift */ = {isa = PBXFileReference; lastKnownFileType = sourcecode.swift; path = DateTimeFormatterTests.swift; sourceTree = "<group>"; };
		C04C9E4F26244120007C47DC /* RideIn.app */ = {isa = PBXFileReference; explicitFileType = wrapper.application; includeInIndex = 0; path = RideIn.app; sourceTree = BUILT_PRODUCTS_DIR; };
		C04C9E5226244120007C47DC /* AppDelegate.swift */ = {isa = PBXFileReference; lastKnownFileType = sourcecode.swift; path = AppDelegate.swift; sourceTree = "<group>"; };
		C04C9E5426244120007C47DC /* SceneDelegate.swift */ = {isa = PBXFileReference; lastKnownFileType = sourcecode.swift; path = SceneDelegate.swift; sourceTree = "<group>"; };
		C04C9E5626244120007C47DC /* RideSearchViewController.swift */ = {isa = PBXFileReference; lastKnownFileType = sourcecode.swift; path = RideSearchViewController.swift; sourceTree = "<group>"; };
		C04C9E5B26244124007C47DC /* Assets.xcassets */ = {isa = PBXFileReference; lastKnownFileType = folder.assetcatalog; path = Assets.xcassets; sourceTree = "<group>"; };
		C04C9E6026244124007C47DC /* Info.plist */ = {isa = PBXFileReference; lastKnownFileType = text.plist.xml; path = Info.plist; sourceTree = "<group>"; };
		C04C9E7726246334007C47DC /* SustemExtensions.swift */ = {isa = PBXFileReference; lastKnownFileType = sourcecode.swift; path = SustemExtensions.swift; sourceTree = "<group>"; };
		C04C9E83262472D9007C47DC /* PassengersCountViewController.swift */ = {isa = PBXFileReference; lastKnownFileType = sourcecode.swift; path = PassengersCountViewController.swift; sourceTree = "<group>"; };
		C04C9EC126257A4E007C47DC /* RideSearchVC+Extensions.swift */ = {isa = PBXFileReference; lastKnownFileType = sourcecode.swift; path = "RideSearchVC+Extensions.swift"; sourceTree = "<group>"; };
		C04C9EC426257AAD007C47DC /* Factories.swift */ = {isa = PBXFileReference; lastKnownFileType = sourcecode.swift; path = Factories.swift; sourceTree = "<group>"; };
		C04C9EC726257EDB007C47DC /* Protocols.swift */ = {isa = PBXFileReference; lastKnownFileType = sourcecode.swift; path = Protocols.swift; sourceTree = "<group>"; };
		C04C9ED026258244007C47DC /* MainNetworkManager.swift */ = {isa = PBXFileReference; lastKnownFileType = sourcecode.swift; path = MainNetworkManager.swift; sourceTree = "<group>"; };
		C04C9F0F2626E8D6007C47DC /* RideSearchTableViewCell.swift */ = {isa = PBXFileReference; lastKnownFileType = sourcecode.swift; path = RideSearchTableViewCell.swift; sourceTree = "<group>"; };
		C06512FC26280E5100CF322B /* Enums.swift */ = {isa = PBXFileReference; lastKnownFileType = sourcecode.swift; path = Enums.swift; sourceTree = "<group>"; };
		C08291A32626EECA00C686F3 /* MapViewController.swift */ = {isa = PBXFileReference; lastKnownFileType = sourcecode.swift; path = MapViewController.swift; sourceTree = "<group>"; };
		C08291AE26271E2800C686F3 /* MapTableViewCell.swift */ = {isa = PBXFileReference; lastKnownFileType = sourcecode.swift; path = MapTableViewCell.swift; sourceTree = "<group>"; };
		C0AA7742262732C700EE3A42 /* MapVC+Extensions.swift */ = {isa = PBXFileReference; lastKnownFileType = sourcecode.swift; path = "MapVC+Extensions.swift"; sourceTree = "<group>"; };
		C0BEDBF52628678B009B3062 /* DataModel.swift */ = {isa = PBXFileReference; lastKnownFileType = sourcecode.swift; path = DataModel.swift; sourceTree = "<group>"; };
		C0BEDBFA26286FB5009B3062 /* TripsViewController.swift */ = {isa = PBXFileReference; lastKnownFileType = sourcecode.swift; path = TripsViewController.swift; sourceTree = "<group>"; };
		C0C0196426380697001796C2 /* en */ = {isa = PBXFileReference; lastKnownFileType = text.plist.strings; name = en; path = en.lproj/Localizable.strings; sourceTree = "<group>"; };
		C0C0196A263807E7001796C2 /* ru */ = {isa = PBXFileReference; lastKnownFileType = text.plist.strings; name = ru; path = ru.lproj/Localizable.strings; sourceTree = "<group>"; };
		C0CFDC2F262872BC00C90E6A /* MapVC+MKExtenstions.swift */ = {isa = PBXFileReference; lastKnownFileType = sourcecode.swift; path = "MapVC+MKExtenstions.swift"; sourceTree = "<group>"; };
		C0CFDC352629678500C90E6A /* TripCollectionViewCell.swift */ = {isa = PBXFileReference; lastKnownFileType = sourcecode.swift; path = TripCollectionViewCell.swift; sourceTree = "<group>"; };
		D8DF32279C50F6B9AA704C46 /* Pods-RideIn.release.xcconfig */ = {isa = PBXFileReference; includeInIndex = 1; lastKnownFileType = text.xcconfig; name = "Pods-RideIn.release.xcconfig"; path = "Target Support Files/Pods-RideIn/Pods-RideIn.release.xcconfig"; sourceTree = "<group>"; };
/* End PBXFileReference section */

/* Begin PBXFrameworksBuildPhase section */
		C04BC3E32636966A00941B0C /* Frameworks */ = {
			isa = PBXFrameworksBuildPhase;
			buildActionMask = 2147483647;
			files = (
				8D319C17AC5EF08185EA515F /* libPods-RideInTests.a in Frameworks */,
			);
			runOnlyForDeploymentPostprocessing = 0;
		};
		C04C9E4C2624411F007C47DC /* Frameworks */ = {
			isa = PBXFrameworksBuildPhase;
			buildActionMask = 2147483647;
			files = (
				89F6E2502EA5ABEAD79E7600 /* Pods_RideIn.framework in Frameworks */,
			);
			runOnlyForDeploymentPostprocessing = 0;
		};
/* End PBXFrameworksBuildPhase section */

/* Begin PBXGroup section */
		3DF131928EEBF144CC24E64E /* Pods */ = {
			isa = PBXGroup;
			children = (
				0723177FAC2C4B7C9467C7A3 /* Pods-RideIn.debug.xcconfig */,
				D8DF32279C50F6B9AA704C46 /* Pods-RideIn.release.xcconfig */,
				55EFF70959413A3634C24E6F /* Pods-RideInTests.debug.xcconfig */,
				3FA8586FA187346B70EB2E78 /* Pods-RideInTests.release.xcconfig */,
			);
			path = Pods;
			sourceTree = "<group>";
		};
		B1053067C9F229A0749ACB1A /* Frameworks */ = {
			isa = PBXGroup;
			children = (
				676745E0D76715737F9F8FBC /* Pods_RideIn.framework */,
				51E98A0146A1E81F3B4965DD /* libPods-RideInTests.a */,
			);
			name = Frameworks;
			sourceTree = "<group>";
		};
		C00F85DE262FFFC200A29641 /* SelectedTripVC */ = {
			isa = PBXGroup;
			children = (
				C00F85DF262FFFE800A29641 /* SelectedTripViewController.swift */,
				C04BC36A2632CE7000941B0C /* SelectedTripVC+Extenstions .swift */,
			);
			path = SelectedTripVC;
			sourceTree = "<group>";
		};
		C04BC3E72636966A00941B0C /* RideInTests */ = {
			isa = PBXGroup;
			children = (
				C04BC3E82636966A00941B0C /* RideInTests.swift */,
				C0327F4E263998410079B324 /* MainTripDataProviderTests.swift */,
				C04BC4012636B51E00941B0C /* NetworkManagerTests.swift */,
				C04BC40B2637099F00941B0C /* DateTimeFormatterTests.swift */,
				C04BC3EA2636966A00941B0C /* Info.plist */,
			);
			path = RideInTests;
			sourceTree = "<group>";
		};
		C04C9E462624411F007C47DC = {
			isa = PBXGroup;
			children = (
				C0C0196526380697001796C2 /* Localizable.strings */,
				C04C9E5126244120007C47DC /* RideIn */,
				C04BC3E72636966A00941B0C /* RideInTests */,
				C04C9E5026244120007C47DC /* Products */,
				3DF131928EEBF144CC24E64E /* Pods */,
				B1053067C9F229A0749ACB1A /* Frameworks */,
			);
			sourceTree = "<group>";
		};
		C04C9E5026244120007C47DC /* Products */ = {
			isa = PBXGroup;
			children = (
				C04C9E4F26244120007C47DC /* RideIn.app */,
				C04BC3E62636966A00941B0C /* RideInTests.xctest */,
			);
			name = Products;
			sourceTree = "<group>";
		};
		C04C9E5126244120007C47DC /* RideIn */ = {
			isa = PBXGroup;
			children = (
				C04BC3BD2632F8E100941B0C /* .gitignore */,
				C04C9E5B26244124007C47DC /* Assets.xcassets */,
				C04C9E6026244124007C47DC /* Info.plist */,
				C04C9E69262441B4007C47DC /* ApplicationDelegates */,
				C04C9E6A262441C4007C47DC /* ViewControllers */,
				C04C9E87262472F9007C47DC /* Protocols */,
				C04C9E9B262477C0007C47DC /* Model */,
				C04C9E86262472EE007C47DC /* Others */,
			);
			path = RideIn;
			sourceTree = "<group>";
		};
		C04C9E69262441B4007C47DC /* ApplicationDelegates */ = {
			isa = PBXGroup;
			children = (
				C04C9E5226244120007C47DC /* AppDelegate.swift */,
				C04C9E5426244120007C47DC /* SceneDelegate.swift */,
			);
			path = ApplicationDelegates;
			sourceTree = "<group>";
		};
		C04C9E6A262441C4007C47DC /* ViewControllers */ = {
			isa = PBXGroup;
			children = (
				C04C9E6E26245F3F007C47DC /* RideSearchVC */,
				C04C9E82262472A0007C47DC /* PassengersCountVC */,
				C08291A22626EE9900C686F3 /* MapVC */,
				C0BEDBF926286F8E009B3062 /* TripsVC */,
				C00F85DE262FFFC200A29641 /* SelectedTripVC */,
			);
			path = ViewControllers;
			sourceTree = "<group>";
		};
		C04C9E6E26245F3F007C47DC /* RideSearchVC */ = {
			isa = PBXGroup;
			children = (
				C04C9E5626244120007C47DC /* RideSearchViewController.swift */,
				C04C9EC126257A4E007C47DC /* RideSearchVC+Extensions.swift */,
			);
			path = RideSearchVC;
			sourceTree = "<group>";
		};
		C04C9E82262472A0007C47DC /* PassengersCountVC */ = {
			isa = PBXGroup;
			children = (
				C04C9E83262472D9007C47DC /* PassengersCountViewController.swift */,
			);
			path = PassengersCountVC;
			sourceTree = "<group>";
		};
		C04C9E86262472EE007C47DC /* Others */ = {
			isa = PBXGroup;
			children = (
				C06512FC26280E5100CF322B /* Enums.swift */,
				C04C9E7726246334007C47DC /* SustemExtensions.swift */,
			);
			path = Others;
			sourceTree = "<group>";
		};
		C04C9E87262472F9007C47DC /* Protocols */ = {
			isa = PBXGroup;
			children = (
				C04C9EC726257EDB007C47DC /* Protocols.swift */,
			);
			path = Protocols;
			sourceTree = "<group>";
		};
		C04C9E9B262477C0007C47DC /* Model */ = {
			isa = PBXGroup;
			children = (
				C0327F4A263974E30079B324 /* DataProviders.swift */,
				C04C9EC426257AAD007C47DC /* Factories.swift */,
				C0327F4C26398C150079B324 /* Heplers.swift */,
				C0BEDBF426286779009B3062 /* Networking */,
				C06513032628126300CF322B /* Cells */,
			);
			path = Model;
			sourceTree = "<group>";
		};
		C06513032628126300CF322B /* Cells */ = {
			isa = PBXGroup;
			children = (
				C0CFDC322629671A00C90E6A /* TableViewCells */,
				C0CFDC342629672300C90E6A /* CollectionViewCells */,
			);
			path = Cells;
			sourceTree = "<group>";
		};
		C08291A22626EE9900C686F3 /* MapVC */ = {
			isa = PBXGroup;
			children = (
				C08291A32626EECA00C686F3 /* MapViewController.swift */,
				C0AA7742262732C700EE3A42 /* MapVC+Extensions.swift */,
				C0CFDC2F262872BC00C90E6A /* MapVC+MKExtenstions.swift */,
			);
			path = MapVC;
			sourceTree = "<group>";
		};
		C0BEDBF426286779009B3062 /* Networking */ = {
			isa = PBXGroup;
			children = (
				C04C9ED026258244007C47DC /* MainNetworkManager.swift */,
				C0BEDBF52628678B009B3062 /* DataModel.swift */,
				C04BC3DE2634A05300941B0C /* ConnectionManager.swift */,
			);
			path = Networking;
			sourceTree = "<group>";
		};
		C0BEDBF926286F8E009B3062 /* TripsVC */ = {
			isa = PBXGroup;
			children = (
				C0BEDBFA26286FB5009B3062 /* TripsViewController.swift */,
				C00F85CB262EF76900A29641 /* TripsVC+Extensions.swift */,
			);
			path = TripsVC;
			sourceTree = "<group>";
		};
		C0CFDC322629671A00C90E6A /* TableViewCells */ = {
			isa = PBXGroup;
			children = (
				C04C9F0F2626E8D6007C47DC /* RideSearchTableViewCell.swift */,
				C08291AE26271E2800C686F3 /* MapTableViewCell.swift */,
			);
			path = TableViewCells;
			sourceTree = "<group>";
		};
		C0CFDC342629672300C90E6A /* CollectionViewCells */ = {
			isa = PBXGroup;
			children = (
				C0CFDC352629678500C90E6A /* TripCollectionViewCell.swift */,
			);
			path = CollectionViewCells;
			sourceTree = "<group>";
		};
/* End PBXGroup section */

/* Begin PBXNativeTarget section */
		C04BC3E52636966A00941B0C /* RideInTests */ = {
			isa = PBXNativeTarget;
			buildConfigurationList = C04BC3ED2636966A00941B0C /* Build configuration list for PBXNativeTarget "RideInTests" */;
			buildPhases = (
				46EADCCC2B802AE6785C4259 /* [CP] Check Pods Manifest.lock */,
				C04BC3E22636966A00941B0C /* Sources */,
				C04BC3E32636966A00941B0C /* Frameworks */,
				C04BC3E42636966A00941B0C /* Resources */,
			);
			buildRules = (
			);
			dependencies = (
				C04BC3EC2636966A00941B0C /* PBXTargetDependency */,
			);
			name = RideInTests;
			productName = RideInTests;
			productReference = C04BC3E62636966A00941B0C /* RideInTests.xctest */;
			productType = "com.apple.product-type.bundle.unit-test";
		};
		C04C9E4E2624411F007C47DC /* RideIn */ = {
			isa = PBXNativeTarget;
			buildConfigurationList = C04C9E6326244124007C47DC /* Build configuration list for PBXNativeTarget "RideIn" */;
			buildPhases = (
				618562BEE00D649506C8B3A6 /* [CP] Check Pods Manifest.lock */,
				C04C9E4B2624411F007C47DC /* Sources */,
				C04C9E4C2624411F007C47DC /* Frameworks */,
				C04C9E4D2624411F007C47DC /* Resources */,
				E1322B137DE9F4DAFDBEB263 /* [CP] Embed Pods Frameworks */,
			);
			buildRules = (
			);
			dependencies = (
			);
			name = RideIn;
			productName = RideIn;
			productReference = C04C9E4F26244120007C47DC /* RideIn.app */;
			productType = "com.apple.product-type.application";
		};
/* End PBXNativeTarget section */

/* Begin PBXProject section */
		C04C9E472624411F007C47DC /* Project object */ = {
			isa = PBXProject;
			attributes = {
				LastSwiftUpdateCheck = 1240;
				LastUpgradeCheck = 1240;
				TargetAttributes = {
					C04BC3E52636966A00941B0C = {
						CreatedOnToolsVersion = 12.4;
						TestTargetID = C04C9E4E2624411F007C47DC;
					};
					C04C9E4E2624411F007C47DC = {
						CreatedOnToolsVersion = 12.4;
					};
				};
			};
			buildConfigurationList = C04C9E4A2624411F007C47DC /* Build configuration list for PBXProject "RideIn" */;
			compatibilityVersion = "Xcode 9.3";
			developmentRegion = ru;
			hasScannedForEncodings = 0;
			knownRegions = (
				en,
				ru,
				Base,
			);
			mainGroup = C04C9E462624411F007C47DC;
			productRefGroup = C04C9E5026244120007C47DC /* Products */;
			projectDirPath = "";
			projectRoot = "";
			targets = (
				C04C9E4E2624411F007C47DC /* RideIn */,
				C04BC3E52636966A00941B0C /* RideInTests */,
			);
		};
/* End PBXProject section */

/* Begin PBXResourcesBuildPhase section */
		C04BC3E42636966A00941B0C /* Resources */ = {
			isa = PBXResourcesBuildPhase;
			buildActionMask = 2147483647;
			files = (
			);
			runOnlyForDeploymentPostprocessing = 0;
		};
		C04C9E4D2624411F007C47DC /* Resources */ = {
			isa = PBXResourcesBuildPhase;
			buildActionMask = 2147483647;
			files = (
				C04BC3BE2632F8E100941B0C /* .gitignore in Resources */,
				C0C0196326380697001796C2 /* Localizable.strings in Resources */,
				C04C9E5C26244124007C47DC /* Assets.xcassets in Resources */,
			);
			runOnlyForDeploymentPostprocessing = 0;
		};
/* End PBXResourcesBuildPhase section */

/* Begin PBXShellScriptBuildPhase section */
		46EADCCC2B802AE6785C4259 /* [CP] Check Pods Manifest.lock */ = {
			isa = PBXShellScriptBuildPhase;
			buildActionMask = 2147483647;
			files = (
			);
			inputFileListPaths = (
			);
			inputPaths = (
				"${PODS_PODFILE_DIR_PATH}/Podfile.lock",
				"${PODS_ROOT}/Manifest.lock",
			);
			name = "[CP] Check Pods Manifest.lock";
			outputFileListPaths = (
			);
			outputPaths = (
				"$(DERIVED_FILE_DIR)/Pods-RideInTests-checkManifestLockResult.txt",
			);
			runOnlyForDeploymentPostprocessing = 0;
			shellPath = /bin/sh;
			shellScript = "diff \"${PODS_PODFILE_DIR_PATH}/Podfile.lock\" \"${PODS_ROOT}/Manifest.lock\" > /dev/null\nif [ $? != 0 ] ; then\n    # print error to STDERR\n    echo \"error: The sandbox is not in sync with the Podfile.lock. Run 'pod install' or update your CocoaPods installation.\" >&2\n    exit 1\nfi\n# This output is used by Xcode 'outputs' to avoid re-running this script phase.\necho \"SUCCESS\" > \"${SCRIPT_OUTPUT_FILE_0}\"\n";
			showEnvVarsInLog = 0;
		};
		618562BEE00D649506C8B3A6 /* [CP] Check Pods Manifest.lock */ = {
			isa = PBXShellScriptBuildPhase;
			buildActionMask = 2147483647;
			files = (
			);
			inputFileListPaths = (
			);
			inputPaths = (
				"${PODS_PODFILE_DIR_PATH}/Podfile.lock",
				"${PODS_ROOT}/Manifest.lock",
			);
			name = "[CP] Check Pods Manifest.lock";
			outputFileListPaths = (
			);
			outputPaths = (
				"$(DERIVED_FILE_DIR)/Pods-RideIn-checkManifestLockResult.txt",
			);
			runOnlyForDeploymentPostprocessing = 0;
			shellPath = /bin/sh;
			shellScript = "diff \"${PODS_PODFILE_DIR_PATH}/Podfile.lock\" \"${PODS_ROOT}/Manifest.lock\" > /dev/null\nif [ $? != 0 ] ; then\n    # print error to STDERR\n    echo \"error: The sandbox is not in sync with the Podfile.lock. Run 'pod install' or update your CocoaPods installation.\" >&2\n    exit 1\nfi\n# This output is used by Xcode 'outputs' to avoid re-running this script phase.\necho \"SUCCESS\" > \"${SCRIPT_OUTPUT_FILE_0}\"\n";
			showEnvVarsInLog = 0;
		};
		E1322B137DE9F4DAFDBEB263 /* [CP] Embed Pods Frameworks */ = {
			isa = PBXShellScriptBuildPhase;
			buildActionMask = 2147483647;
			files = (
			);
			inputFileListPaths = (
				"${PODS_ROOT}/Target Support Files/Pods-RideIn/Pods-RideIn-frameworks-${CONFIGURATION}-input-files.xcfilelist",
			);
			name = "[CP] Embed Pods Frameworks";
			outputFileListPaths = (
				"${PODS_ROOT}/Target Support Files/Pods-RideIn/Pods-RideIn-frameworks-${CONFIGURATION}-output-files.xcfilelist",
			);
			runOnlyForDeploymentPostprocessing = 0;
			shellPath = /bin/sh;
			shellScript = "\"${PODS_ROOT}/Target Support Files/Pods-RideIn/Pods-RideIn-frameworks.sh\"\n";
			showEnvVarsInLog = 0;
		};
/* End PBXShellScriptBuildPhase section */

/* Begin PBXSourcesBuildPhase section */
		C04BC3E22636966A00941B0C /* Sources */ = {
			isa = PBXSourcesBuildPhase;
			buildActionMask = 2147483647;
			files = (
				C04BC4022636B51E00941B0C /* NetworkManagerTests.swift in Sources */,
				C04BC3E92636966A00941B0C /* RideInTests.swift in Sources */,
				C0327F4F263998410079B324 /* MainTripDataProviderTests.swift in Sources */,
				C04BC40C2637099F00941B0C /* DateTimeFormatterTests.swift in Sources */,
			);
			runOnlyForDeploymentPostprocessing = 0;
		};
		C04C9E4B2624411F007C47DC /* Sources */ = {
			isa = PBXSourcesBuildPhase;
			buildActionMask = 2147483647;
			files = (
				C04C9ED126258244007C47DC /* MainNetworkManager.swift in Sources */,
				C04C9EC226257A4E007C47DC /* RideSearchVC+Extensions.swift in Sources */,
				C0BEDBFB26286FB5009B3062 /* TripsViewController.swift in Sources */,
				C04C9E84262472D9007C47DC /* PassengersCountViewController.swift in Sources */,
				C04C9F102626E8D6007C47DC /* RideSearchTableViewCell.swift in Sources */,
				C04C9EC526257AAD007C47DC /* Factories.swift in Sources */,
				C04C9E5726244120007C47DC /* RideSearchViewController.swift in Sources */,
				C04C9EC826257EDB007C47DC /* Protocols.swift in Sources */,
				C06512FD26280E5100CF322B /* Enums.swift in Sources */,
				C00F85E0262FFFE800A29641 /* SelectedTripViewController.swift in Sources */,
				C00F85CC262EF76900A29641 /* TripsVC+Extensions.swift in Sources */,
				C0AA7743262732C700EE3A42 /* MapVC+Extensions.swift in Sources */,
				C08291A42626EECA00C686F3 /* MapViewController.swift in Sources */,
				C0327F4D26398C150079B324 /* Heplers.swift in Sources */,
				C0CFDC30262872BC00C90E6A /* MapVC+MKExtenstions.swift in Sources */,
				C0CFDC362629678500C90E6A /* TripCollectionViewCell.swift in Sources */,
				C08291AF26271E2800C686F3 /* MapTableViewCell.swift in Sources */,
				C04C9E5326244120007C47DC /* AppDelegate.swift in Sources */,
				C04BC3DF2634A05300941B0C /* ConnectionManager.swift in Sources */,
				C04BC36B2632CE7000941B0C /* SelectedTripVC+Extenstions .swift in Sources */,
				C0BEDBF62628678B009B3062 /* DataModel.swift in Sources */,
				C0327F4B263974E30079B324 /* DataProviders.swift in Sources */,
				C04C9E7826246334007C47DC /* SustemExtensions.swift in Sources */,
				C04C9E5526244120007C47DC /* SceneDelegate.swift in Sources */,
			);
			runOnlyForDeploymentPostprocessing = 0;
		};
/* End PBXSourcesBuildPhase section */

/* Begin PBXTargetDependency section */
		C04BC3EC2636966A00941B0C /* PBXTargetDependency */ = {
			isa = PBXTargetDependency;
			target = C04C9E4E2624411F007C47DC /* RideIn */;
			targetProxy = C04BC3EB2636966A00941B0C /* PBXContainerItemProxy */;
		};
/* End PBXTargetDependency section */

/* Begin PBXVariantGroup section */
		C0C0196526380697001796C2 /* Localizable.strings */ = {
			isa = PBXVariantGroup;
			children = (
				C0C0196426380697001796C2 /* en */,
				C0C0196A263807E7001796C2 /* ru */,
			);
			name = Localizable.strings;
			sourceTree = "<group>";
		};
/* End PBXVariantGroup section */

/* Begin XCBuildConfiguration section */
		C04BC3EE2636966A00941B0C /* Debug */ = {
			isa = XCBuildConfiguration;
			baseConfigurationReference = 55EFF70959413A3634C24E6F /* Pods-RideInTests.debug.xcconfig */;
			buildSettings = {
				BUNDLE_LOADER = "$(TEST_HOST)";
				CODE_SIGN_STYLE = Automatic;
				DEVELOPMENT_TEAM = 63NJXM9Q62;
				INFOPLIST_FILE = RideInTests/Info.plist;
				LD_RUNPATH_SEARCH_PATHS = (
					"$(inherited)",
					"@executable_path/Frameworks",
					"@loader_path/Frameworks",
				);
				PRODUCT_BUNDLE_IDENTIFIER = lomovskyInc.RideInTests;
				PRODUCT_NAME = "$(TARGET_NAME)";
				SWIFT_VERSION = 5.0;
				TARGETED_DEVICE_FAMILY = "1,2";
				TEST_HOST = "$(BUILT_PRODUCTS_DIR)/RideIn.app/RideIn";
			};
			name = Debug;
		};
		C04BC3EF2636966A00941B0C /* Release */ = {
			isa = XCBuildConfiguration;
			baseConfigurationReference = 3FA8586FA187346B70EB2E78 /* Pods-RideInTests.release.xcconfig */;
			buildSettings = {
				BUNDLE_LOADER = "$(TEST_HOST)";
				CODE_SIGN_STYLE = Automatic;
				DEVELOPMENT_TEAM = 63NJXM9Q62;
				INFOPLIST_FILE = RideInTests/Info.plist;
				LD_RUNPATH_SEARCH_PATHS = (
					"$(inherited)",
					"@executable_path/Frameworks",
					"@loader_path/Frameworks",
				);
				PRODUCT_BUNDLE_IDENTIFIER = lomovskyInc.RideInTests;
				PRODUCT_NAME = "$(TARGET_NAME)";
				SWIFT_VERSION = 5.0;
				TARGETED_DEVICE_FAMILY = "1,2";
				TEST_HOST = "$(BUILT_PRODUCTS_DIR)/RideIn.app/RideIn";
			};
			name = Release;
		};
		C04C9E6126244124007C47DC /* Debug */ = {
			isa = XCBuildConfiguration;
			buildSettings = {
				ALWAYS_SEARCH_USER_PATHS = NO;
				CLANG_ANALYZER_LOCALIZABILITY_NONLOCALIZED = YES;
				CLANG_ANALYZER_NONNULL = YES;
				CLANG_ANALYZER_NUMBER_OBJECT_CONVERSION = YES_AGGRESSIVE;
				CLANG_CXX_LANGUAGE_STANDARD = "gnu++14";
				CLANG_CXX_LIBRARY = "libc++";
				CLANG_ENABLE_MODULES = YES;
				CLANG_ENABLE_OBJC_ARC = YES;
				CLANG_ENABLE_OBJC_WEAK = YES;
				CLANG_WARN_BLOCK_CAPTURE_AUTORELEASING = YES;
				CLANG_WARN_BOOL_CONVERSION = YES;
				CLANG_WARN_COMMA = YES;
				CLANG_WARN_CONSTANT_CONVERSION = YES;
				CLANG_WARN_DEPRECATED_OBJC_IMPLEMENTATIONS = YES;
				CLANG_WARN_DIRECT_OBJC_ISA_USAGE = YES_ERROR;
				CLANG_WARN_DOCUMENTATION_COMMENTS = YES;
				CLANG_WARN_EMPTY_BODY = YES;
				CLANG_WARN_ENUM_CONVERSION = YES;
				CLANG_WARN_INFINITE_RECURSION = YES;
				CLANG_WARN_INT_CONVERSION = YES;
				CLANG_WARN_NON_LITERAL_NULL_CONVERSION = YES;
				CLANG_WARN_OBJC_IMPLICIT_RETAIN_SELF = YES;
				CLANG_WARN_OBJC_LITERAL_CONVERSION = YES;
				CLANG_WARN_OBJC_ROOT_CLASS = YES_ERROR;
				CLANG_WARN_QUOTED_INCLUDE_IN_FRAMEWORK_HEADER = YES;
				CLANG_WARN_RANGE_LOOP_ANALYSIS = YES;
				CLANG_WARN_STRICT_PROTOTYPES = YES;
				CLANG_WARN_SUSPICIOUS_MOVE = YES;
				CLANG_WARN_UNGUARDED_AVAILABILITY = YES_AGGRESSIVE;
				CLANG_WARN_UNREACHABLE_CODE = YES;
				CLANG_WARN__DUPLICATE_METHOD_MATCH = YES;
				COPY_PHASE_STRIP = NO;
				DEBUG_INFORMATION_FORMAT = dwarf;
				ENABLE_STRICT_OBJC_MSGSEND = YES;
				ENABLE_TESTABILITY = YES;
				GCC_C_LANGUAGE_STANDARD = gnu11;
				GCC_DYNAMIC_NO_PIC = NO;
				GCC_NO_COMMON_BLOCKS = YES;
				GCC_OPTIMIZATION_LEVEL = 0;
				GCC_PREPROCESSOR_DEFINITIONS = (
					"DEBUG=1",
					"$(inherited)",
				);
				GCC_WARN_64_TO_32_BIT_CONVERSION = YES;
				GCC_WARN_ABOUT_RETURN_TYPE = YES_ERROR;
				GCC_WARN_UNDECLARED_SELECTOR = YES;
				GCC_WARN_UNINITIALIZED_AUTOS = YES_AGGRESSIVE;
				GCC_WARN_UNUSED_FUNCTION = YES;
				GCC_WARN_UNUSED_VARIABLE = YES;
				IPHONEOS_DEPLOYMENT_TARGET = 14.4;
				MTL_ENABLE_DEBUG_INFO = INCLUDE_SOURCE;
				MTL_FAST_MATH = YES;
				ONLY_ACTIVE_ARCH = YES;
				SDKROOT = iphoneos;
				SWIFT_ACTIVE_COMPILATION_CONDITIONS = DEBUG;
				SWIFT_OPTIMIZATION_LEVEL = "-Onone";
			};
			name = Debug;
		};
		C04C9E6226244124007C47DC /* Release */ = {
			isa = XCBuildConfiguration;
			buildSettings = {
				ALWAYS_SEARCH_USER_PATHS = NO;
				CLANG_ANALYZER_LOCALIZABILITY_NONLOCALIZED = YES;
				CLANG_ANALYZER_NONNULL = YES;
				CLANG_ANALYZER_NUMBER_OBJECT_CONVERSION = YES_AGGRESSIVE;
				CLANG_CXX_LANGUAGE_STANDARD = "gnu++14";
				CLANG_CXX_LIBRARY = "libc++";
				CLANG_ENABLE_MODULES = YES;
				CLANG_ENABLE_OBJC_ARC = YES;
				CLANG_ENABLE_OBJC_WEAK = YES;
				CLANG_WARN_BLOCK_CAPTURE_AUTORELEASING = YES;
				CLANG_WARN_BOOL_CONVERSION = YES;
				CLANG_WARN_COMMA = YES;
				CLANG_WARN_CONSTANT_CONVERSION = YES;
				CLANG_WARN_DEPRECATED_OBJC_IMPLEMENTATIONS = YES;
				CLANG_WARN_DIRECT_OBJC_ISA_USAGE = YES_ERROR;
				CLANG_WARN_DOCUMENTATION_COMMENTS = YES;
				CLANG_WARN_EMPTY_BODY = YES;
				CLANG_WARN_ENUM_CONVERSION = YES;
				CLANG_WARN_INFINITE_RECURSION = YES;
				CLANG_WARN_INT_CONVERSION = YES;
				CLANG_WARN_NON_LITERAL_NULL_CONVERSION = YES;
				CLANG_WARN_OBJC_IMPLICIT_RETAIN_SELF = YES;
				CLANG_WARN_OBJC_LITERAL_CONVERSION = YES;
				CLANG_WARN_OBJC_ROOT_CLASS = YES_ERROR;
				CLANG_WARN_QUOTED_INCLUDE_IN_FRAMEWORK_HEADER = YES;
				CLANG_WARN_RANGE_LOOP_ANALYSIS = YES;
				CLANG_WARN_STRICT_PROTOTYPES = YES;
				CLANG_WARN_SUSPICIOUS_MOVE = YES;
				CLANG_WARN_UNGUARDED_AVAILABILITY = YES_AGGRESSIVE;
				CLANG_WARN_UNREACHABLE_CODE = YES;
				CLANG_WARN__DUPLICATE_METHOD_MATCH = YES;
				COPY_PHASE_STRIP = NO;
				DEBUG_INFORMATION_FORMAT = "dwarf-with-dsym";
				ENABLE_NS_ASSERTIONS = NO;
				ENABLE_STRICT_OBJC_MSGSEND = YES;
				GCC_C_LANGUAGE_STANDARD = gnu11;
				GCC_NO_COMMON_BLOCKS = YES;
				GCC_WARN_64_TO_32_BIT_CONVERSION = YES;
				GCC_WARN_ABOUT_RETURN_TYPE = YES_ERROR;
				GCC_WARN_UNDECLARED_SELECTOR = YES;
				GCC_WARN_UNINITIALIZED_AUTOS = YES_AGGRESSIVE;
				GCC_WARN_UNUSED_FUNCTION = YES;
				GCC_WARN_UNUSED_VARIABLE = YES;
				IPHONEOS_DEPLOYMENT_TARGET = 14.4;
				MTL_ENABLE_DEBUG_INFO = NO;
				MTL_FAST_MATH = YES;
				SDKROOT = iphoneos;
				SWIFT_COMPILATION_MODE = wholemodule;
				SWIFT_OPTIMIZATION_LEVEL = "-O";
				VALIDATE_PRODUCT = YES;
			};
			name = Release;
		};
		C04C9E6426244124007C47DC /* Debug */ = {
			isa = XCBuildConfiguration;
			baseConfigurationReference = 0723177FAC2C4B7C9467C7A3 /* Pods-RideIn.debug.xcconfig */;
			buildSettings = {
				ASSETCATALOG_COMPILER_APPICON_NAME = AppIcon;
				ASSETCATALOG_COMPILER_GLOBAL_ACCENT_COLOR_NAME = AccentColor;
				CODE_SIGN_STYLE = Automatic;
				DEVELOPMENT_TEAM = 63NJXM9Q62;
				INFOPLIST_FILE = RideIn/Info.plist;
				LD_RUNPATH_SEARCH_PATHS = (
					"$(inherited)",
					"@executable_path/Frameworks",
				);
				PRODUCT_BUNDLE_IDENTIFIER = lomovskyInc.RideIn;
				PRODUCT_NAME = "$(TARGET_NAME)";
				SWIFT_VERSION = 5.0;
				TARGETED_DEVICE_FAMILY = 1;
			};
			name = Debug;
		};
		C04C9E6526244124007C47DC /* Release */ = {
			isa = XCBuildConfiguration;
			baseConfigurationReference = D8DF32279C50F6B9AA704C46 /* Pods-RideIn.release.xcconfig */;
			buildSettings = {
				ASSETCATALOG_COMPILER_APPICON_NAME = AppIcon;
				ASSETCATALOG_COMPILER_GLOBAL_ACCENT_COLOR_NAME = AccentColor;
				CODE_SIGN_STYLE = Automatic;
				DEVELOPMENT_TEAM = 63NJXM9Q62;
				INFOPLIST_FILE = RideIn/Info.plist;
				LD_RUNPATH_SEARCH_PATHS = (
					"$(inherited)",
					"@executable_path/Frameworks",
				);
				PRODUCT_BUNDLE_IDENTIFIER = lomovskyInc.RideIn;
				PRODUCT_NAME = "$(TARGET_NAME)";
				SWIFT_VERSION = 5.0;
				TARGETED_DEVICE_FAMILY = 1;
			};
			name = Release;
		};
/* End XCBuildConfiguration section */

/* Begin XCConfigurationList section */
		C04BC3ED2636966A00941B0C /* Build configuration list for PBXNativeTarget "RideInTests" */ = {
			isa = XCConfigurationList;
			buildConfigurations = (
				C04BC3EE2636966A00941B0C /* Debug */,
				C04BC3EF2636966A00941B0C /* Release */,
			);
			defaultConfigurationIsVisible = 0;
			defaultConfigurationName = Release;
		};
		C04C9E4A2624411F007C47DC /* Build configuration list for PBXProject "RideIn" */ = {
			isa = XCConfigurationList;
			buildConfigurations = (
				C04C9E6126244124007C47DC /* Debug */,
				C04C9E6226244124007C47DC /* Release */,
			);
			defaultConfigurationIsVisible = 0;
			defaultConfigurationName = Release;
		};
		C04C9E6326244124007C47DC /* Build configuration list for PBXNativeTarget "RideIn" */ = {
			isa = XCConfigurationList;
			buildConfigurations = (
				C04C9E6426244124007C47DC /* Debug */,
				C04C9E6526244124007C47DC /* Release */,
			);
			defaultConfigurationIsVisible = 0;
			defaultConfigurationName = Release;
		};
/* End XCConfigurationList section */
	};
	rootObject = C04C9E472624411F007C47DC /* Project object */;
}
